{
  "name": "evident-behaviors",
  "version": "1.0.0",
  "lockfileVersion": 3,
  "requires": true,
  "packages": {
    "": {
      "name": "evident-behaviors",
      "version": "1.0.0",
      "license": "AGPL-3.0-only",
      "dependencies": {
        "on-off": "github:operatorjen/on-off"
      }
    },
    "node_modules/on-off": {
      "version": "1.0.0",
      "resolved": "git+ssh://git@github.com/operatorjen/on-off.git#3a318ac717712013a613a56f093aaad75afb1a22",
      "license": "AGPL-3.0-or-later"
    }
  }
}
