{
  "name": "evident-behaviors",
  "version": "1.0.0",
  "lockfileVersion": 3,
  "requires": true,
  "packages": {
    "": {
      "name": "evident-behaviors",
      "version": "1.0.0",
      "license": "AGPL-3.0-only",
      "dependencies": {
        "timeless": "github:operatorjen/timeless"
      }
    },
    "node_modules/timeless": {
      "version": "1.0.0",
      "resolved": "git+ssh://git@github.com/operatorjen/timeless.git#089bbfd830f3bd853575ecc1d9b37c3130d3ccc6",
      "license": "AGPL-3.0-or-later"
    }
  }
}
